
Microsoft Visual Studio Solution File, Format Version 12.00
# Visual Studio Version 17
VisualStudioVersion = 17.0.31903.59
MinimumVisualStudioVersion = 10.0.40219.1
Project("{FAE04EC0-301F-11D3-BF4B-00C04F79EFBC}") = "KlaseIobjekti2", "KlaseIobjekti2.csproj", "{A8F002CC-9AF9-4284-9AE7-EBA626253572}"
EndProject
Global
	GlobalSection(SolutionConfigurationPlatforms) = preSolution
		Debug|Any CPU = Debug|Any CPU
		Release|Any CPU = Release|Any CPU
	EndGlobalSection
	GlobalSection(ProjectConfigurationPlatforms) = postSolution
		{A8F002CC-9AF9-4284-9AE7-EBA626253572}.Debug|Any CPU.ActiveCfg = Debug|Any CPU
		{A8F002CC-9AF9-4284-9AE7-EBA626253572}.Debug|Any CPU.Build.0 = Debug|Any CPU
		{A8F002CC-9AF9-4284-9AE7-EBA626253572}.Release|Any CPU.ActiveCfg = Release|Any CPU
		{A8F002CC-9AF9-4284-9AE7-EBA626253572}.Release|Any CPU.Build.0 = Release|Any CPU
	EndGlobalSection
	GlobalSection(SolutionProperties) = preSolution
		HideSolutionNode = FALSE
	EndGlobalSection
	GlobalSection(ExtensibilityGlobals) = postSolution
		SolutionGuid = {1605F46B-7678-44BE-8EE8-1227F35011D4}
	EndGlobalSection
EndGlobal
